// !$*UTF8*$!
{
	archiveVersion = 1;
	classes = {
	};
	objectVersion = 46;
	objects = {

/* Begin PBXBuildFile section */
		310E494419F57B1D00012071 /* FISTableViewController.m in Sources */ = {isa = PBXBuildFile; fileRef = 310E494319F57B1D00012071 /* FISTableViewController.m */; };
		3139512319F5623600655513 /* main.m in Sources */ = {isa = PBXBuildFile; fileRef = 3139512219F5623600655513 /* main.m */; };
		3139512619F5623600655513 /* AppDelegate.m in Sources */ = {isa = PBXBuildFile; fileRef = 3139512519F5623600655513 /* AppDelegate.m */; };
		3139512C19F5623600655513 /* Main.storyboard in Resources */ = {isa = PBXBuildFile; fileRef = 3139512A19F5623600655513 /* Main.storyboard */; };
		3139512E19F5623600655513 /* Images.xcassets in Resources */ = {isa = PBXBuildFile; fileRef = 3139512D19F5623600655513 /* Images.xcassets */; };
		3139513119F5623600655513 /* LaunchScreen.xib in Resources */ = {isa = PBXBuildFile; fileRef = 3139512F19F5623600655513 /* LaunchScreen.xib */; };
		3139513D19F5623600655513 /* meatProj3Tests.m in Sources */ = {isa = PBXBuildFile; fileRef = 3139513C19F5623600655513 /* meatProj3Tests.m */; };
		3139514819F5629E00655513 /* TestView.m in Sources */ = {isa = PBXBuildFile; fileRef = 3139514719F5629E00655513 /* TestView.m */; };
		3139514A19F562AA00655513 /* TestView.xib in Resources */ = {isa = PBXBuildFile; fileRef = 3139514919F562AA00655513 /* TestView.xib */; };
/* End PBXBuildFile section */

/* Begin PBXContainerItemProxy section */
		3139513719F5623600655513 /* PBXContainerItemProxy */ = {
			isa = PBXContainerItemProxy;
			containerPortal = 3139511519F5623600655513 /* Project object */;
			proxyType = 1;
			remoteGlobalIDString = 3139511C19F5623600655513;
			remoteInfo = meatProj3;
		};
/* End PBXContainerItemProxy section */

/* Begin PBXFileReference section */
		310E494219F57B1D00012071 /* FISTableViewController.h */ = {isa = PBXFileReference; fileEncoding = 4; lastKnownFileType = sourcecode.c.h; name = FISTableViewController.h; path = ../FISTableViewController.h; sourceTree = "<group>"; };
		310E494319F57B1D00012071 /* FISTableViewController.m */ = {isa = PBXFileReference; fileEncoding = 4; lastKnownFileType = sourcecode.c.objc; name = FISTableViewController.m; path = ../FISTableViewController.m; sourceTree = "<group>"; };
		3139511D19F5623600655513 /* meatProj3.app */ = {isa = PBXFileReference; explicitFileType = wrapper.application; includeInIndex = 0; path = meatProj3.app; sourceTree = BUILT_PRODUCTS_DIR; };
		3139512119F5623600655513 /* Info.plist */ = {isa = PBXFileReference; lastKnownFileType = text.plist.xml; path = Info.plist; sourceTree = "<group>"; };
		3139512219F5623600655513 /* main.m */ = {isa = PBXFileReference; lastKnownFileType = sourcecode.c.objc; path = main.m; sourceTree = "<group>"; };
		3139512419F5623600655513 /* AppDelegate.h */ = {isa = PBXFileReference; lastKnownFileType = sourcecode.c.h; path = AppDelegate.h; sourceTree = "<group>"; };
		3139512519F5623600655513 /* AppDelegate.m */ = {isa = PBXFileReference; lastKnownFileType = sourcecode.c.objc; path = AppDelegate.m; sourceTree = "<group>"; };
		3139512B19F5623600655513 /* Base */ = {isa = PBXFileReference; lastKnownFileType = file.storyboard; name = Base; path = Base.lproj/Main.storyboard; sourceTree = "<group>"; };
		3139512D19F5623600655513 /* Images.xcassets */ = {isa = PBXFileReference; lastKnownFileType = folder.assetcatalog; path = Images.xcassets; sourceTree = "<group>"; };
		3139513019F5623600655513 /* Base */ = {isa = PBXFileReference; lastKnownFileType = file.xib; name = Base; path = Base.lproj/LaunchScreen.xib; sourceTree = "<group>"; };
		3139513619F5623600655513 /* meatProj3Tests.xctest */ = {isa = PBXFileReference; explicitFileType = wrapper.cfbundle; includeInIndex = 0; path = meatProj3Tests.xctest; sourceTree = BUILT_PRODUCTS_DIR; };
		3139513B19F5623600655513 /* Info.plist */ = {isa = PBXFileReference; lastKnownFileType = text.plist.xml; path = Info.plist; sourceTree = "<group>"; };
		3139513C19F5623600655513 /* meatProj3Tests.m */ = {isa = PBXFileReference; lastKnownFileType = sourcecode.c.objc; path = meatProj3Tests.m; sourceTree = "<group>"; };
		3139514619F5629E00655513 /* TestView.h */ = {isa = PBXFileReference; fileEncoding = 4; lastKnownFileType = sourcecode.c.h; path = TestView.h; sourceTree = "<group>"; };
		3139514719F5629E00655513 /* TestView.m */ = {isa = PBXFileReference; fileEncoding = 4; lastKnownFileType = sourcecode.c.objc; path = TestView.m; sourceTree = "<group>"; };
		3139514919F562AA00655513 /* TestView.xib */ = {isa = PBXFileReference; fileEncoding = 4; lastKnownFileType = file.xib; name = TestView.xib; path = ../TestView.xib; sourceTree = "<group>"; };
/* End PBXFileReference section */

/* Begin PBXFrameworksBuildPhase section */
		3139511A19F5623600655513 /* Frameworks */ = {
			isa = PBXFrameworksBuildPhase;
			buildActionMask = 2147483647;
			files = (
			);
			runOnlyForDeploymentPostprocessing = 0;
		};
		3139513319F5623600655513 /* Frameworks */ = {
			isa = PBXFrameworksBuildPhase;
			buildActionMask = 2147483647;
			files = (
			);
			runOnlyForDeploymentPostprocessing = 0;
		};
/* End PBXFrameworksBuildPhase section */

/* Begin PBXGroup section */
		3139511419F5623600655513 = {
			isa = PBXGroup;
			children = (
				3139511F19F5623600655513 /* meatProj3 */,
				3139513919F5623600655513 /* meatProj3Tests */,
				3139511E19F5623600655513 /* Products */,
			);
			sourceTree = "<group>";
		};
		3139511E19F5623600655513 /* Products */ = {
			isa = PBXGroup;
			children = (
				3139511D19F5623600655513 /* meatProj3.app */,
				3139513619F5623600655513 /* meatProj3Tests.xctest */,
			);
			name = Products;
			sourceTree = "<group>";
		};
		3139511F19F5623600655513 /* meatProj3 */ = {
			isa = PBXGroup;
			children = (
				3139512419F5623600655513 /* AppDelegate.h */,
				3139512519F5623600655513 /* AppDelegate.m */,
				310E494219F57B1D00012071 /* FISTableViewController.h */,
				310E494319F57B1D00012071 /* FISTableViewController.m */,
				3139512A19F5623600655513 /* Main.storyboard */,
				3139514919F562AA00655513 /* TestView.xib */,
				3139514619F5629E00655513 /* TestView.h */,
				3139514719F5629E00655513 /* TestView.m */,
				3139512D19F5623600655513 /* Images.xcassets */,
				3139512F19F5623600655513 /* LaunchScreen.xib */,
				3139512019F5623600655513 /* Supporting Files */,
			);
			path = meatProj3;
			sourceTree = "<group>";
		};
		3139512019F5623600655513 /* Supporting Files */ = {
			isa = PBXGroup;
			children = (
				3139512119F5623600655513 /* Info.plist */,
				3139512219F5623600655513 /* main.m */,
			);
			name = "Supporting Files";
			sourceTree = "<group>";
		};
		3139513919F5623600655513 /* meatProj3Tests */ = {
			isa = PBXGroup;
			children = (
				3139513C19F5623600655513 /* meatProj3Tests.m */,
				3139513A19F5623600655513 /* Supporting Files */,
			);
			path = meatProj3Tests;
			sourceTree = "<group>";
		};
		3139513A19F5623600655513 /* Supporting Files */ = {
			isa = PBXGroup;
			children = (
				3139513B19F5623600655513 /* Info.plist */,
			);
			name = "Supporting Files";
			sourceTree = "<group>";
		};
/* End PBXGroup section */

/* Begin PBXNativeTarget section */
		3139511C19F5623600655513 /* meatProj3 */ = {
			isa = PBXNativeTarget;
			buildConfigurationList = 3139514019F5623600655513 /* Build configuration list for PBXNativeTarget "meatProj3" */;
			buildPhases = (
				3139511919F5623600655513 /* Sources */,
				3139511A19F5623600655513 /* Frameworks */,
				3139511B19F5623600655513 /* Resources */,
			);
			buildRules = (
			);
			dependencies = (
			);
			name = meatProj3;
			productName = meatProj3;
			productReference = 3139511D19F5623600655513 /* meatProj3.app */;
			productType = "com.apple.product-type.application";
		};
		3139513519F5623600655513 /* meatProj3Tests */ = {
			isa = PBXNativeTarget;
			buildConfigurationList = 3139514319F5623600655513 /* Build configuration list for PBXNativeTarget "meatProj3Tests" */;
			buildPhases = (
				3139513219F5623600655513 /* Sources */,
				3139513319F5623600655513 /* Frameworks */,
				3139513419F5623600655513 /* Resources */,
			);
			buildRules = (
			);
			dependencies = (
				3139513819F5623600655513 /* PBXTargetDependency */,
			);
			name = meatProj3Tests;
			productName = meatProj3Tests;
			productReference = 3139513619F5623600655513 /* meatProj3Tests.xctest */;
			productType = "com.apple.product-type.bundle.unit-test";
		};
/* End PBXNativeTarget section */

/* Begin PBXProject section */
		3139511519F5623600655513 /* Project object */ = {
			isa = PBXProject;
			attributes = {
				LastUpgradeCheck = 0600;
				ORGANIZATIONNAME = "Zachary Drossman";
				TargetAttributes = {
					3139511C19F5623600655513 = {
						CreatedOnToolsVersion = 6.0.1;
					};
					3139513519F5623600655513 = {
						CreatedOnToolsVersion = 6.0.1;
						TestTargetID = 3139511C19F5623600655513;
					};
				};
			};
			buildConfigurationList = 3139511819F5623600655513 /* Build configuration list for PBXProject "meatProj3" */;
			compatibilityVersion = "Xcode 3.2";
			developmentRegion = English;
			hasScannedForEncodings = 0;
			knownRegions = (
				en,
				Base,
			);
			mainGroup = 3139511419F5623600655513;
			productRefGroup = 3139511E19F5623600655513 /* Products */;
			projectDirPath = "";
			projectRoot = "";
			targets = (
				3139511C19F5623600655513 /* meatProj3 */,
				3139513519F5623600655513 /* meatProj3Tests */,
			);
		};
/* End PBXProject section */

/* Begin PBXResourcesBuildPhase section */
		3139511B19F5623600655513 /* Resources */ = {
			isa = PBXResourcesBuildPhase;
			buildActionMask = 2147483647;
			files = (
				3139514A19F562AA00655513 /* TestView.xib in Resources */,
				3139512C19F5623600655513 /* Main.storyboard in Resources */,
				3139513119F5623600655513 /* LaunchScreen.xib in Resources */,
				3139512E19F5623600655513 /* Images.xcassets in Resources */,
			);
			runOnlyForDeploymentPostprocessing = 0;
		};
		3139513419F5623600655513 /* Resources */ = {
			isa = PBXResourcesBuildPhase;
			buildActionMask = 2147483647;
			files = (
			);
			runOnlyForDeploymentPostprocessing = 0;
		};
/* End PBXResourcesBuildPhase section */

/* Begin PBXSourcesBuildPhase section */
		3139511919F5623600655513 /* Sources */ = {
			isa = PBXSourcesBuildPhase;
			buildActionMask = 2147483647;
			files = (
				310E494419F57B1D00012071 /* FISTableViewController.m in Sources */,
				3139514819F5629E00655513 /* TestView.m in Sources */,
				3139512619F5623600655513 /* AppDelegate.m in Sources */,
				3139512319F5623600655513 /* main.m in Sources */,
			);
			runOnlyForDeploymentPostprocessing = 0;
		};
		3139513219F5623600655513 /* Sources */ = {
			isa = PBXSourcesBuildPhase;
			buildActionMask = 2147483647;
			files = (
				3139513D19F5623600655513 /* meatProj3Tests.m in Sources */,
			);
			runOnlyForDeploymentPostprocessing = 0;
		};
/* End PBXSourcesBuildPhase section */

/* Begin PBXTargetDependency section */
		3139513819F5623600655513 /* PBXTargetDependency */ = {
			isa = PBXTargetDependency;
			target = 3139511C19F5623600655513 /* meatProj3 */;
			targetProxy = 3139513719F5623600655513 /* PBXContainerItemProxy */;
		};
/* End PBXTargetDependency section */

/* Begin PBXVariantGroup section */
		3139512A19F5623600655513 /* Main.storyboard */ = {
			isa = PBXVariantGroup;
			children = (
				3139512B19F5623600655513 /* Base */,
			);
			name = Main.storyboard;
			sourceTree = "<group>";
		};
		3139512F19F5623600655513 /* LaunchScreen.xib */ = {
			isa = PBXVariantGroup;
			children = (
				3139513019F5623600655513 /* Base */,
			);
			name = LaunchScreen.xib;
			sourceTree = "<group>";
		};
/* End PBXVariantGroup section */

/* Begin XCBuildConfiguration section */
		3139513E19F5623600655513 /* Debug */ = {
			isa = XCBuildConfiguration;
			buildSettings = {
				ALWAYS_SEARCH_USER_PATHS = NO;
				CLANG_CXX_LANGUAGE_STANDARD = "gnu++0x";
				CLANG_CXX_LIBRARY = "libc++";
				CLANG_ENABLE_MODULES = YES;
				CLANG_ENABLE_OBJC_ARC = YES;
				CLANG_WARN_BOOL_CONVERSION = YES;
				CLANG_WARN_CONSTANT_CONVERSION = YES;
				CLANG_WARN_DIRECT_OBJC_ISA_USAGE = YES_ERROR;
				CLANG_WARN_EMPTY_BODY = YES;
				CLANG_WARN_ENUM_CONVERSION = YES;
				CLANG_WARN_INT_CONVERSION = YES;
				CLANG_WARN_OBJC_ROOT_CLASS = YES_ERROR;
				CLANG_WARN_UNREACHABLE_CODE = YES;
				CLANG_WARN__DUPLICATE_METHOD_MATCH = YES;
				"CODE_SIGN_IDENTITY[sdk=iphoneos*]" = "iPhone Developer";
				COPY_PHASE_STRIP = NO;
				ENABLE_STRICT_OBJC_MSGSEND = YES;
				GCC_C_LANGUAGE_STANDARD = gnu99;
				GCC_DYNAMIC_NO_PIC = NO;
				GCC_OPTIMIZATION_LEVEL = 0;
				GCC_PREPROCESSOR_DEFINITIONS = (
					"DEBUG=1",
					"$(inherited)",
				);
				GCC_SYMBOLS_PRIVATE_EXTERN = NO;
				GCC_WARN_64_TO_32_BIT_CONVERSION = YES;
				GCC_WARN_ABOUT_RETURN_TYPE = YES_ERROR;
				GCC_WARN_UNDECLARED_SELECTOR = YES;
				GCC_WARN_UNINITIALIZED_AUTOS = YES_AGGRESSIVE;
				GCC_WARN_UNUSED_FUNCTION = YES;
				GCC_WARN_UNUSED_VARIABLE = YES;
				IPHONEOS_DEPLOYMENT_TARGET = 8.0;
				MTL_ENABLE_DEBUG_INFO = YES;
				ONLY_ACTIVE_ARCH = YES;
				SDKROOT = iphoneos;
			};
			name = Debug;
		};
		3139513F19F5623600655513 /* Release */ = {
			isa = XCBuildConfiguration;
			buildSettings = {
				ALWAYS_SEARCH_USER_PATHS = NO;
				CLANG_CXX_LANGUAGE_STANDARD = "gnu++0x";
				CLANG_CXX_LIBRARY = "libc++";
				CLANG_ENABLE_MODULES = YES;
				CLANG_ENABLE_OBJC_ARC = YES;
				CLANG_WARN_BOOL_CONVERSION = YES;
				CLANG_WARN_CONSTANT_CONVERSION = YES;
				CLANG_WARN_DIRECT_OBJC_ISA_USAGE = YES_ERROR;
				CLANG_WARN_EMPTY_BODY = YES;
				CLANG_WARN_ENUM_CONVERSION = YES;
				CLANG_WARN_INT_CONVERSION = YES;
				CLANG_WARN_OBJC_ROOT_CLASS = YES_ERROR;
				CLANG_WARN_UNREACHABLE_CODE = YES;
				CLANG_WARN__DUPLICATE_METHOD_MATCH = YES;
				"CODE_SIGN_IDENTITY[sdk=iphoneos*]" = "iPhone Developer";
				COPY_PHASE_STRIP = YES;
				ENABLE_NS_ASSERTIONS = NO;
				ENABLE_STRICT_OBJC_MSGSEND = YES;
				GCC_C_LANGUAGE_STANDARD = gnu99;
				GCC_WARN_64_TO_32_BIT_CONVERSION = YES;
				GCC_WARN_ABOUT_RETURN_TYPE = YES_ERROR;
				GCC_WARN_UNDECLARED_SELECTOR = YES;
				GCC_WARN_UNINITIALIZED_AUTOS = YES_AGGRESSIVE;
				GCC_WARN_UNUSED_FUNCTION = YES;
				GCC_WARN_UNUSED_VARIABLE = YES;
				IPHONEOS_DEPLOYMENT_TARGET = 8.0;
				MTL_ENABLE_DEBUG_INFO = NO;
				SDKROOT = iphoneos;
				VALIDATE_PRODUCT = YES;
			};
			name = Release;
		};
		3139514119F5623600655513 /* Debug */ = {
			isa = XCBuildConfiguration;
			buildSettings = {
				ASSETCATALOG_COMPILER_APPICON_NAME = AppIcon;
				INFOPLIST_FILE = meatProj3/Info.plist;
				LD_RUNPATH_SEARCH_PATHS = "$(inherited) @executable_path/Frameworks";
				PRODUCT_NAME = "$(TARGET_NAME)";
			};
			name = Debug;
		};
		3139514219F5623600655513 /* Release */ = {
			isa = XCBuildConfiguration;
			buildSettings = {
				ASSETCATALOG_COMPILER_APPICON_NAME = AppIcon;
				INFOPLIST_FILE = meatProj3/Info.plist;
				LD_RUNPATH_SEARCH_PATHS = "$(inherited) @executable_path/Frameworks";
				PRODUCT_NAME = "$(TARGET_NAME)";
			};
			name = Release;
		};
		3139514419F5623600655513 /* Debug */ = {
			isa = XCBuildConfiguration;
			buildSettings = {
				BUNDLE_LOADER = "$(TEST_HOST)";
				FRAMEWORK_SEARCH_PATHS = (
					"$(SDKROOT)/Developer/Library/Frameworks",
					"$(inherited)",
				);
				GCC_PREPROCESSOR_DEFINITIONS = (
					"DEBUG=1",
					"$(inherited)",
				);
				INFOPLIST_FILE = meatProj3Tests/Info.plist;
				LD_RUNPATH_SEARCH_PATHS = "$(inherited) @executable_path/Frameworks @loader_path/Frameworks";
				PRODUCT_NAME = "$(TARGET_NAME)";
				TEST_HOST = "$(BUILT_PRODUCTS_DIR)/meatProj3.app/meatProj3";
			};
			name = Debug;
		};
		3139514519F5623600655513 /* Release */ = {
			isa = XCBuildConfiguration;
			buildSettings = {
				BUNDLE_LOADER = "$(TEST_HOST)";
				FRAMEWORK_SEARCH_PATHS = (
					"$(SDKROOT)/Developer/Library/Frameworks",
					"$(inherited)",
				);
				INFOPLIST_FILE = meatProj3Tests/Info.plist;
				LD_RUNPATH_SEARCH_PATHS = "$(inherited) @executable_path/Frameworks @loader_path/Frameworks";
				PRODUCT_NAME = "$(TARGET_NAME)";
				TEST_HOST = "$(BUILT_PRODUCTS_DIR)/meatProj3.app/meatProj3";
			};
			name = Release;
		};
/* End XCBuildConfiguration section */

/* Begin XCConfigurationList section */
		3139511819F5623600655513 /* Build configuration list for PBXProject "meatProj3" */ = {
			isa = XCConfigurationList;
			buildConfigurations = (
				3139513E19F5623600655513 /* Debug */,
				3139513F19F5623600655513 /* Release */,
			);
			defaultConfigurationIsVisible = 0;
			defaultConfigurationName = Release;
		};
		3139514019F5623600655513 /* Build configuration list for PBXNativeTarget "meatProj3" */ = {
			isa = XCConfigurationList;
			buildConfigurations = (
				3139514119F5623600655513 /* Debug */,
				3139514219F5623600655513 /* Release */,
			);
			defaultConfigurationIsVisible = 0;
			defaultConfigurationName = Release;
		};
		3139514319F5623600655513 /* Build configuration list for PBXNativeTarget "meatProj3Tests" */ = {
			isa = XCConfigurationList;
			buildConfigurations = (
				3139514419F5623600655513 /* Debug */,
				3139514519F5623600655513 /* Release */,
			);
			defaultConfigurationIsVisible = 0;
			defaultConfigurationName = Release;
		};
/* End XCConfigurationList section */
	};
	rootObject = 3139511519F5623600655513 /* Project object */;
}
